{
  "name": "hearts",
  "version": "1.0.0",
  "lockfileVersion": 1,
  "requires": true,
  "dependencies": {
    "cards": {
      "version": "1.0.2",
      "resolved": "https://registry.npmjs.org/cards/-/cards-1.0.2.tgz",
      "integrity": "sha512-FW16fh/fDNzwK2EWwZUr17/rsT7fjJohjt03P/6GQPLAdCean7md1YRhGOm8xQxMI/FxLgHJZlff50kOB+bHiQ==",
      "requires": {
        "rand-utils": "^1.0.0"
      }
    },
    "lodash": {
      "version": "4.17.15",
      "resolved": "https://registry.npmjs.org/lodash/-/lodash-4.17.15.tgz",
      "integrity": "sha512-8xOcRHvCjnocdS5cpwXQXVzmmh5e5+saE2QGoeQmbKmRS6J3VQppPOIt0MnmE+4xlZoumy0GPG0D0MVIQbNA1A=="
    },
    "rand-utils": {
      "version": "1.0.0",
      "resolved": "https://registry.npmjs.org/rand-utils/-/rand-utils-1.0.0.tgz",
      "integrity": "sha1-PTu5IBVmzpFFDNN0oAgOee1oMyg="
    }
  }
}
